// !$*UTF8*$!
{
	archiveVersion = 1;
	classes = {
	};
	objectVersion = 50;
	objects = {

/* Begin PBXBuildFile section */
		3F1D6B2A2944FBBB005FD346 /* AppDelegate.swift in Sources */ = {isa = PBXBuildFile; fileRef = 3F1D6B292944FBBB005FD346 /* AppDelegate.swift */; };
		3F1D6B2C2944FBBB005FD346 /* SceneDelegate.swift in Sources */ = {isa = PBXBuildFile; fileRef = 3F1D6B2B2944FBBB005FD346 /* SceneDelegate.swift */; };
		3F1D6B2E2944FBBB005FD346 /* ViewController.swift in Sources */ = {isa = PBXBuildFile; fileRef = 3F1D6B2D2944FBBB005FD346 /* ViewController.swift */; };
		3F1D6B312944FBBB005FD346 /* Main.storyboard in Resources */ = {isa = PBXBuildFile; fileRef = 3F1D6B2F2944FBBB005FD346 /* Main.storyboard */; };
		3F1D6B332944FBBC005FD346 /* Assets.xcassets in Resources */ = {isa = PBXBuildFile; fileRef = 3F1D6B322944FBBC005FD346 /* Assets.xcassets */; };
		3F1D6B362944FBBC005FD346 /* LaunchScreen.storyboard in Resources */ = {isa = PBXBuildFile; fileRef = 3F1D6B342944FBBC005FD346 /* LaunchScreen.storyboard */; };
		3F65645629450CA500998B41 /* MedicineTableViewCell.swift in Sources */ = {isa = PBXBuildFile; fileRef = 3F65645529450CA500998B41 /* MedicineTableViewCell.swift */; };
		3F65645829450D8600998B41 /* Medicine.swift in Sources */ = {isa = PBXBuildFile; fileRef = 3F65645729450D8600998B41 /* Medicine.swift */; };
		3F65645A29450E4000998B41 /* MedicineTableViewController.swift in Sources */ = {isa = PBXBuildFile; fileRef = 3F65645929450E4000998B41 /* MedicineTableViewController.swift */; };
		3FDFC3912949038F00B9C42E /* AppointmentTableViewCell.swift in Sources */ = {isa = PBXBuildFile; fileRef = 3FDFC3902949038F00B9C42E /* AppointmentTableViewCell.swift */; };
		3FDFC393294903A600B9C42E /* AppointmentsTableViewController.swift in Sources */ = {isa = PBXBuildFile; fileRef = 3FDFC392294903A600B9C42E /* AppointmentsTableViewController.swift */; };
/* End PBXBuildFile section */

/* Begin PBXFileReference section */
		3F1D6B262944FBBB005FD346 /* MedAlert.app */ = {isa = PBXFileReference; explicitFileType = wrapper.application; includeInIndex = 0; path = MedAlert.app; sourceTree = BUILT_PRODUCTS_DIR; };
		3F1D6B292944FBBB005FD346 /* AppDelegate.swift */ = {isa = PBXFileReference; lastKnownFileType = sourcecode.swift; path = AppDelegate.swift; sourceTree = "<group>"; };
		3F1D6B2B2944FBBB005FD346 /* SceneDelegate.swift */ = {isa = PBXFileReference; lastKnownFileType = sourcecode.swift; path = SceneDelegate.swift; sourceTree = "<group>"; };
		3F1D6B2D2944FBBB005FD346 /* ViewController.swift */ = {isa = PBXFileReference; lastKnownFileType = sourcecode.swift; path = ViewController.swift; sourceTree = "<group>"; };
		3F1D6B302944FBBB005FD346 /* Base */ = {isa = PBXFileReference; lastKnownFileType = file.storyboard; name = Base; path = Base.lproj/Main.storyboard; sourceTree = "<group>"; };
		3F1D6B322944FBBC005FD346 /* Assets.xcassets */ = {isa = PBXFileReference; lastKnownFileType = folder.assetcatalog; path = Assets.xcassets; sourceTree = "<group>"; };
		3F1D6B352944FBBC005FD346 /* Base */ = {isa = PBXFileReference; lastKnownFileType = file.storyboard; name = Base; path = Base.lproj/LaunchScreen.storyboard; sourceTree = "<group>"; };
		3F1D6B372944FBBC005FD346 /* Info.plist */ = {isa = PBXFileReference; lastKnownFileType = text.plist.xml; path = Info.plist; sourceTree = "<group>"; };
		3F65645529450CA500998B41 /* MedicineTableViewCell.swift */ = {isa = PBXFileReference; lastKnownFileType = sourcecode.swift; path = MedicineTableViewCell.swift; sourceTree = "<group>"; };
		3F65645729450D8600998B41 /* Medicine.swift */ = {isa = PBXFileReference; lastKnownFileType = sourcecode.swift; path = Medicine.swift; sourceTree = "<group>"; };
		3F65645929450E4000998B41 /* MedicineTableViewController.swift */ = {isa = PBXFileReference; lastKnownFileType = sourcecode.swift; path = MedicineTableViewController.swift; sourceTree = "<group>"; };
		3FDFC3902949038F00B9C42E /* AppointmentTableViewCell.swift */ = {isa = PBXFileReference; lastKnownFileType = sourcecode.swift; path = AppointmentTableViewCell.swift; sourceTree = "<group>"; };
		3FDFC392294903A600B9C42E /* AppointmentsTableViewController.swift */ = {isa = PBXFileReference; lastKnownFileType = sourcecode.swift; path = AppointmentsTableViewController.swift; sourceTree = "<group>"; };
/* End PBXFileReference section */

/* Begin PBXFrameworksBuildPhase section */
		3F1D6B232944FBBB005FD346 /* Frameworks */ = {
			isa = PBXFrameworksBuildPhase;
			buildActionMask = 2147483647;
			files = (
			);
			runOnlyForDeploymentPostprocessing = 0;
		};
/* End PBXFrameworksBuildPhase section */

/* Begin PBXGroup section */
		3F1D6B1D2944FBBB005FD346 = {
			isa = PBXGroup;
			children = (
				3F1D6B282944FBBB005FD346 /* MedAlert */,
				3F1D6B272944FBBB005FD346 /* Products */,
			);
			sourceTree = "<group>";
		};
		3F1D6B272944FBBB005FD346 /* Products */ = {
			isa = PBXGroup;
			children = (
				3F1D6B262944FBBB005FD346 /* MedAlert.app */,
			);
			name = Products;
			sourceTree = "<group>";
		};
		3F1D6B282944FBBB005FD346 /* MedAlert */ = {
			isa = PBXGroup;
			children = (
				3F1D6B292944FBBB005FD346 /* AppDelegate.swift */,
				3F1D6B2B2944FBBB005FD346 /* SceneDelegate.swift */,
				3F1D6B2D2944FBBB005FD346 /* ViewController.swift */,
				3F1D6B2F2944FBBB005FD346 /* Main.storyboard */,
				3FDFC3902949038F00B9C42E /* AppointmentTableViewCell.swift */,
				3FDFC392294903A600B9C42E /* AppointmentsTableViewController.swift */,
				3F1D6B322944FBBC005FD346 /* Assets.xcassets */,
				3F1D6B342944FBBC005FD346 /* LaunchScreen.storyboard */,
				3F1D6B372944FBBC005FD346 /* Info.plist */,
				3F65645529450CA500998B41 /* MedicineTableViewCell.swift */,
				3F65645929450E4000998B41 /* MedicineTableViewController.swift */,
				3F65645729450D8600998B41 /* Medicine.swift */,
			);
			path = MedAlert;
			sourceTree = "<group>";
		};
/* End PBXGroup section */

/* Begin PBXNativeTarget section */
		3F1D6B252944FBBB005FD346 /* MedAlert */ = {
			isa = PBXNativeTarget;
			buildConfigurationList = 3F1D6B3A2944FBBC005FD346 /* Build configuration list for PBXNativeTarget "MedAlert" */;
			buildPhases = (
				3F1D6B222944FBBB005FD346 /* Sources */,
				3F1D6B232944FBBB005FD346 /* Frameworks */,
				3F1D6B242944FBBB005FD346 /* Resources */,
			);
			buildRules = (
			);
			dependencies = (
			);
			name = MedAlert;
			productName = MedAlert;
			productReference = 3F1D6B262944FBBB005FD346 /* MedAlert.app */;
			productType = "com.apple.product-type.application";
		};
/* End PBXNativeTarget section */

/* Begin PBXProject section */
		3F1D6B1E2944FBBB005FD346 /* Project object */ = {
			isa = PBXProject;
			attributes = {
				LastSwiftUpdateCheck = 1120;
				LastUpgradeCheck = 1120;
				ORGANIZATIONNAME = Student;
				TargetAttributes = {
					3F1D6B252944FBBB005FD346 = {
						CreatedOnToolsVersion = 11.2.1;
					};
				};
			};
			buildConfigurationList = 3F1D6B212944FBBB005FD346 /* Build configuration list for PBXProject "MedAlert" */;
			compatibilityVersion = "Xcode 9.3";
			developmentRegion = en;
			hasScannedForEncodings = 0;
			knownRegions = (
				en,
				Base,
			);
			mainGroup = 3F1D6B1D2944FBBB005FD346;
			productRefGroup = 3F1D6B272944FBBB005FD346 /* Products */;
			projectDirPath = "";
			projectRoot = "";
			targets = (
				3F1D6B252944FBBB005FD346 /* MedAlert */,
			);
		};
/* End PBXProject section */

/* Begin PBXResourcesBuildPhase section */
		3F1D6B242944FBBB005FD346 /* Resources */ = {
			isa = PBXResourcesBuildPhase;
			buildActionMask = 2147483647;
			files = (
				3F1D6B362944FBBC005FD346 /* LaunchScreen.storyboard in Resources */,
				3F1D6B332944FBBC005FD346 /* Assets.xcassets in Resources */,
				3F1D6B312944FBBB005FD346 /* Main.storyboard in Resources */,
			);
			runOnlyForDeploymentPostprocessing = 0;
		};
/* End PBXResourcesBuildPhase section */

/* Begin PBXSourcesBuildPhase section */
		3F1D6B222944FBBB005FD346 /* Sources */ = {
			isa = PBXSourcesBuildPhase;
			buildActionMask = 2147483647;
			files = (
				3F65645829450D8600998B41 /* Medicine.swift in Sources */,
				3FDFC393294903A600B9C42E /* AppointmentsTableViewController.swift in Sources */,
				3F65645A29450E4000998B41 /* MedicineTableViewController.swift in Sources */,
				3FDFC3912949038F00B9C42E /* AppointmentTableViewCell.swift in Sources */,
				3F1D6B2E2944FBBB005FD346 /* ViewController.swift in Sources */,
				3F1D6B2A2944FBBB005FD346 /* AppDelegate.swift in Sources */,
				3F1D6B2C2944FBBB005FD346 /* SceneDelegate.swift in Sources */,
				3F65645629450CA500998B41 /* MedicineTableViewCell.swift in Sources */,
			);
			runOnlyForDeploymentPostprocessing = 0;
		};
/* End PBXSourcesBuildPhase section */

/* Begin PBXVariantGroup section */
		3F1D6B2F2944FBBB005FD346 /* Main.storyboard */ = {
			isa = PBXVariantGroup;
			children = (
				3F1D6B302944FBBB005FD346 /* Base */,
			);
			name = Main.storyboard;
			sourceTree = "<group>";
		};
		3F1D6B342944FBBC005FD346 /* LaunchScreen.storyboard */ = {
			isa = PBXVariantGroup;
			children = (
				3F1D6B352944FBBC005FD346 /* Base */,
			);
			name = LaunchScreen.storyboard;
			sourceTree = "<group>";
		};
/* End PBXVariantGroup section */

/* Begin XCBuildConfiguration section */
		3F1D6B382944FBBC005FD346 /* Debug */ = {
			isa = XCBuildConfiguration;
			buildSettings = {
				ALWAYS_SEARCH_USER_PATHS = NO;
				CLANG_ANALYZER_NONNULL = YES;
				CLANG_ANALYZER_NUMBER_OBJECT_CONVERSION = YES_AGGRESSIVE;
				CLANG_CXX_LANGUAGE_STANDARD = "gnu++14";
				CLANG_CXX_LIBRARY = "libc++";
				CLANG_ENABLE_MODULES = YES;
				CLANG_ENABLE_OBJC_ARC = YES;
				CLANG_ENABLE_OBJC_WEAK = YES;
				CLANG_WARN_BLOCK_CAPTURE_AUTORELEASING = YES;
				CLANG_WARN_BOOL_CONVERSION = YES;
				CLANG_WARN_COMMA = YES;
				CLANG_WARN_CONSTANT_CONVERSION = YES;
				CLANG_WARN_DEPRECATED_OBJC_IMPLEMENTATIONS = YES;
				CLANG_WARN_DIRECT_OBJC_ISA_USAGE = YES_ERROR;
				CLANG_WARN_DOCUMENTATION_COMMENTS = YES;
				CLANG_WARN_EMPTY_BODY = YES;
				CLANG_WARN_ENUM_CONVERSION = YES;
				CLANG_WARN_INFINITE_RECURSION = YES;
				CLANG_WARN_INT_CONVERSION = YES;
				CLANG_WARN_NON_LITERAL_NULL_CONVERSION = YES;
				CLANG_WARN_OBJC_IMPLICIT_RETAIN_SELF = YES;
				CLANG_WARN_OBJC_LITERAL_CONVERSION = YES;
				CLANG_WARN_OBJC_ROOT_CLASS = YES_ERROR;
				CLANG_WARN_RANGE_LOOP_ANALYSIS = YES;
				CLANG_WARN_STRICT_PROTOTYPES = YES;
				CLANG_WARN_SUSPICIOUS_MOVE = YES;
				CLANG_WARN_UNGUARDED_AVAILABILITY = YES_AGGRESSIVE;
				CLANG_WARN_UNREACHABLE_CODE = YES;
				CLANG_WARN__DUPLICATE_METHOD_MATCH = YES;
				COPY_PHASE_STRIP = NO;
				DEBUG_INFORMATION_FORMAT = dwarf;
				ENABLE_STRICT_OBJC_MSGSEND = YES;
				ENABLE_TESTABILITY = YES;
				GCC_C_LANGUAGE_STANDARD = gnu11;
				GCC_DYNAMIC_NO_PIC = NO;
				GCC_NO_COMMON_BLOCKS = YES;
				GCC_OPTIMIZATION_LEVEL = 0;
				GCC_PREPROCESSOR_DEFINITIONS = (
					"DEBUG=1",
					"$(inherited)",
				);
				GCC_WARN_64_TO_32_BIT_CONVERSION = YES;
				GCC_WARN_ABOUT_RETURN_TYPE = YES_ERROR;
				GCC_WARN_UNDECLARED_SELECTOR = YES;
				GCC_WARN_UNINITIALIZED_AUTOS = YES_AGGRESSIVE;
				GCC_WARN_UNUSED_FUNCTION = YES;
				GCC_WARN_UNUSED_VARIABLE = YES;
				IPHONEOS_DEPLOYMENT_TARGET = 13.2;
				MTL_ENABLE_DEBUG_INFO = INCLUDE_SOURCE;
				MTL_FAST_MATH = YES;
				ONLY_ACTIVE_ARCH = YES;
				SDKROOT = iphoneos;
				SWIFT_ACTIVE_COMPILATION_CONDITIONS = DEBUG;
				SWIFT_OPTIMIZATION_LEVEL = "-Onone";
			};
			name = Debug;
		};
		3F1D6B392944FBBC005FD346 /* Release */ = {
			isa = XCBuildConfiguration;
			buildSettings = {
				ALWAYS_SEARCH_USER_PATHS = NO;
				CLANG_ANALYZER_NONNULL = YES;
				CLANG_ANALYZER_NUMBER_OBJECT_CONVERSION = YES_AGGRESSIVE;
				CLANG_CXX_LANGUAGE_STANDARD = "gnu++14";
				CLANG_CXX_LIBRARY = "libc++";
				CLANG_ENABLE_MODULES = YES;
				CLANG_ENABLE_OBJC_ARC = YES;
				CLANG_ENABLE_OBJC_WEAK = YES;
				CLANG_WARN_BLOCK_CAPTURE_AUTORELEASING = YES;
				CLANG_WARN_BOOL_CONVERSION = YES;
				CLANG_WARN_COMMA = YES;
				CLANG_WARN_CONSTANT_CONVERSION = YES;
				CLANG_WARN_DEPRECATED_OBJC_IMPLEMENTATIONS = YES;
				CLANG_WARN_DIRECT_OBJC_ISA_USAGE = YES_ERROR;
				CLANG_WARN_DOCUMENTATION_COMMENTS = YES;
				CLANG_WARN_EMPTY_BODY = YES;
				CLANG_WARN_ENUM_CONVERSION = YES;
				CLANG_WARN_INFINITE_RECURSION = YES;
				CLANG_WARN_INT_CONVERSION = YES;
				CLANG_WARN_NON_LITERAL_NULL_CONVERSION = YES;
				CLANG_WARN_OBJC_IMPLICIT_RETAIN_SELF = YES;
				CLANG_WARN_OBJC_LITERAL_CONVERSION = YES;
				CLANG_WARN_OBJC_ROOT_CLASS = YES_ERROR;
				CLANG_WARN_RANGE_LOOP_ANALYSIS = YES;
				CLANG_WARN_STRICT_PROTOTYPES = YES;
				CLANG_WARN_SUSPICIOUS_MOVE = YES;
				CLANG_WARN_UNGUARDED_AVAILABILITY = YES_AGGRESSIVE;
				CLANG_WARN_UNREACHABLE_CODE = YES;
				CLANG_WARN__DUPLICATE_METHOD_MATCH = YES;
				COPY_PHASE_STRIP = NO;
				DEBUG_INFORMATION_FORMAT = "dwarf-with-dsym";
				ENABLE_NS_ASSERTIONS = NO;
				ENABLE_STRICT_OBJC_MSGSEND = YES;
				GCC_C_LANGUAGE_STANDARD = gnu11;
				GCC_NO_COMMON_BLOCKS = YES;
				GCC_WARN_64_TO_32_BIT_CONVERSION = YES;
				GCC_WARN_ABOUT_RETURN_TYPE = YES_ERROR;
				GCC_WARN_UNDECLARED_SELECTOR = YES;
				GCC_WARN_UNINITIALIZED_AUTOS = YES_AGGRESSIVE;
				GCC_WARN_UNUSED_FUNCTION = YES;
				GCC_WARN_UNUSED_VARIABLE = YES;
				IPHONEOS_DEPLOYMENT_TARGET = 13.2;
				MTL_ENABLE_DEBUG_INFO = NO;
				MTL_FAST_MATH = YES;
				SDKROOT = iphoneos;
				SWIFT_COMPILATION_MODE = wholemodule;
				SWIFT_OPTIMIZATION_LEVEL = "-O";
				VALIDATE_PRODUCT = YES;
			};
			name = Release;
		};
		3F1D6B3B2944FBBC005FD346 /* Debug */ = {
			isa = XCBuildConfiguration;
			buildSettings = {
				ASSETCATALOG_COMPILER_APPICON_NAME = AppIcon;
				CODE_SIGN_STYLE = Automatic;
				INFOPLIST_FILE = MedAlert/Info.plist;
				LD_RUNPATH_SEARCH_PATHS = (
					"$(inherited)",
					"@executable_path/Frameworks",
				);
				PRODUCT_BUNDLE_IDENTIFIER = teste.MedAlert;
				PRODUCT_NAME = "$(TARGET_NAME)";
				SWIFT_VERSION = 5.0;
				TARGETED_DEVICE_FAMILY = "1,2";
			};
			name = Debug;
		};
		3F1D6B3C2944FBBC005FD346 /* Release */ = {
			isa = XCBuildConfiguration;
			buildSettings = {
				ASSETCATALOG_COMPILER_APPICON_NAME = AppIcon;
				CODE_SIGN_STYLE = Automatic;
				INFOPLIST_FILE = MedAlert/Info.plist;
				LD_RUNPATH_SEARCH_PATHS = (
					"$(inherited)",
					"@executable_path/Frameworks",
				);
				PRODUCT_BUNDLE_IDENTIFIER = teste.MedAlert;
				PRODUCT_NAME = "$(TARGET_NAME)";
				SWIFT_VERSION = 5.0;
				TARGETED_DEVICE_FAMILY = "1,2";
			};
			name = Release;
		};
/* End XCBuildConfiguration section */

/* Begin XCConfigurationList section */
		3F1D6B212944FBBB005FD346 /* Build configuration list for PBXProject "MedAlert" */ = {
			isa = XCConfigurationList;
			buildConfigurations = (
				3F1D6B382944FBBC005FD346 /* Debug */,
				3F1D6B392944FBBC005FD346 /* Release */,
			);
			defaultConfigurationIsVisible = 0;
			defaultConfigurationName = Release;
		};
		3F1D6B3A2944FBBC005FD346 /* Build configuration list for PBXNativeTarget "MedAlert" */ = {
			isa = XCConfigurationList;
			buildConfigurations = (
				3F1D6B3B2944FBBC005FD346 /* Debug */,
				3F1D6B3C2944FBBC005FD346 /* Release */,
			);
			defaultConfigurationIsVisible = 0;
			defaultConfigurationName = Release;
		};
/* End XCConfigurationList section */
	};
	rootObject = 3F1D6B1E2944FBBB005FD346 /* Project object */;
}
